{
    "_readme": [
        "This file locks the dependencies of your project to a known state",
        "Read more about it at https://getcomposer.org/doc/01-basic-usage.md#composer-lock-the-lock-file",
        "This file is @generated automatically"
    ],
    "content-hash": "32ed1c46ae61d33997a1faa545929946",
    "packages": [
        {
            "name": "psr/log",
            "version": "1.0.2",
            "source": {
                "type": "git",
                "url": "https://github.com/php-fig/log.git",
                "reference": "4ebe3a8bf773a19edfe0a84b6585ba3d401b724d"
            },
            "dist": {
                "type": "zip",
                "url": "https://api.github.com/repos/php-fig/log/zipball/4ebe3a8bf773a19edfe0a84b6585ba3d401b724d",
                "reference": "4ebe3a8bf773a19edfe0a84b6585ba3d401b724d",
                "shasum": ""
            },
            "require": {
                "php": ">=5.3.0"
            },
            "type": "library",
            "extra": {
                "branch-alias": {
                    "dev-master": "1.0.x-dev"
                }
            },
            "autoload": {
                "psr-4": {
                    "Psr\\Log\\": "Psr/Log/"
                }
            },
            "notification-url": "https://packagist.org/downloads/",
            "license": [
                "MIT"
            ],
            "authors": [
                {
                    "name": "PHP-FIG",
                    "homepage": "http://www.php-fig.org/"
                }
            ],
            "description": "Common interface for logging libraries",
            "homepage": "https://github.com/php-fig/log",
            "keywords": [
                "log",
                "psr",
                "psr-3"
            ],
            "time": "2016-10-10T12:19:37+00:00"
        },
        {
            "name": "sebastianfeldmann/captainhook",
            "version": "2.0.4",
            "source": {
                "type": "git",
                "url": "https://github.com/sebastianfeldmann/captainhook.git",
                "reference": "16d39350ecccec60426826bd5effdb75cfa299df"
            },
            "dist": {
                "type": "zip",
                "url": "https://api.github.com/repos/sebastianfeldmann/captainhook/zipball/16d39350ecccec60426826bd5effdb75cfa299df",
                "reference": "16d39350ecccec60426826bd5effdb75cfa299df",
                "shasum": ""
            },
            "require": {
                "ext-json": "*",
                "ext-spl": "*",
                "php": ">=7.0.0",
                "sebastianfeldmann/cli": "^2.0",
                "sebastianfeldmann/git": "^1.0.7",
                "symfony/console": ">=2.7 <4.0"
            },
            "require-dev": {
                "composer/composer": "~1"
            },
            "suggest": {
                "your git hooks": "run 'vendor/bin/captainhook configure' to set up your hook configuration"
            },
            "bin": [
                "captainhook"
            ],
            "type": "library",
            "extra": {
                "branch-alias": {
                    "dev-master": "0.9.x-dev"
                }
            },
            "autoload": {
                "psr-4": {
                    "SebastianFeldmann\\CaptainHook\\": "src/"
                }
            },
            "notification-url": "https://packagist.org/downloads/",
            "license": [
                "MIT"
            ],
            "authors": [
                {
                    "name": "Sebastian Feldmann",
                    "email": "sf@sebastian-feldmann.info"
                }
            ],
            "description": "PHP git hook manager",
            "homepage": "https://github.com/sebastianfeldmann/captainhook",
            "keywords": [
                "commit-msg",
                "git",
                "hooks",
                "pre-commit",
                "pre-push"
            ],
            "time": "2017-10-04T07:59:19+00:00"
        },
        {
            "name": "sebastianfeldmann/cli",
            "version": "2.1.0",
            "source": {
                "type": "git",
                "url": "https://github.com/sebastianfeldmann/cli.git",
                "reference": "3645f84732a593e496b8c2d76d10517150912c87"
            },
            "dist": {
                "type": "zip",
                "url": "https://api.github.com/repos/sebastianfeldmann/cli/zipball/3645f84732a593e496b8c2d76d10517150912c87",
                "reference": "3645f84732a593e496b8c2d76d10517150912c87",
                "shasum": ""
            },
            "type": "library",
            "autoload": {
                "psr-4": {
                    "SebastianFeldmann\\Cli\\": "src/"
                }
            },
            "notification-url": "https://packagist.org/downloads/",
            "license": [
                "MIT"
            ],
            "authors": [
                {
                    "name": "Sebastian Feldmann",
                    "email": "sf@sebastian-feldmann.info"
                }
            ],
            "description": "PHP cli helper classes",
            "homepage": "https://github.com/sebastianfeldmann/cli",
            "keywords": [
                "cli"
            ],
            "time": "2017-12-01T10:25:42+00:00"
        },
        {
            "name": "sebastianfeldmann/git",
            "version": "1.0.7",
            "source": {
                "type": "git",
                "url": "https://github.com/sebastianfeldmann/git.git",
                "reference": "e909088d8e5007c99e70a7e484034972d11d2168"
            },
            "dist": {
                "type": "zip",
                "url": "https://api.github.com/repos/sebastianfeldmann/git/zipball/e909088d8e5007c99e70a7e484034972d11d2168",
                "reference": "e909088d8e5007c99e70a7e484034972d11d2168",
                "shasum": ""
            },
            "require": {
                "php": ">=7.0.0",
                "sebastianfeldmann/cli": "^2.0.0"
            },
            "type": "library",
            "extra": {
                "branch-alias": {
                    "dev-master": "0.9.x-dev"
                }
            },
            "autoload": {
                "psr-4": {
                    "SebastianFeldmann\\Git\\": "src/"
                }
            },
            "notification-url": "https://packagist.org/downloads/",
            "license": [
                "MIT"
            ],
            "authors": [
                {
                    "name": "Sebastian Feldmann",
                    "email": "sf@sebastian-feldmann.info"
                }
            ],
            "description": "PHP git wrapper",
            "homepage": "https://github.com/sebastianfeldmann/git",
            "keywords": [
                "git"
            ],
            "time": "2017-10-03T17:59:11+00:00"
        },
        {
            "name": "squizlabs/php_codesniffer",
            "version": "3.2.0",
            "source": {
                "type": "git",
                "url": "https://github.com/squizlabs/PHP_CodeSniffer.git",
                "reference": "ba816f2e1bacc16278792c78b67c730dfff064a6"
            },
            "dist": {
                "type": "zip",
                "url": "https://api.github.com/repos/squizlabs/PHP_CodeSniffer/zipball/ba816f2e1bacc16278792c78b67c730dfff064a6",
                "reference": "ba816f2e1bacc16278792c78b67c730dfff064a6",
                "shasum": ""
            },
            "require": {
                "ext-simplexml": "*",
                "ext-tokenizer": "*",
                "ext-xmlwriter": "*",
                "php": ">=5.4.0"
            },
            "require-dev": {
                "phpunit/phpunit": "^4.0 || ^5.0 || ^6.0"
            },
            "bin": [
                "bin/phpcs",
                "bin/phpcbf"
            ],
            "type": "library",
            "extra": {
                "branch-alias": {
                    "dev-master": "3.x-dev"
                }
            },
            "notification-url": "https://packagist.org/downloads/",
            "license": [
                "BSD-3-Clause"
            ],
            "authors": [
                {
                    "name": "Greg Sherwood",
                    "role": "lead"
                }
            ],
            "description": "PHP_CodeSniffer tokenizes PHP, JavaScript and CSS files and detects violations of a defined set of coding standards.",
            "homepage": "http://www.squizlabs.com/php-codesniffer",
            "keywords": [
                "phpcs",
                "standards"
            ],
            "time": "2017-12-12T21:36:10+00:00"
        },
        {
            "name": "symfony/console",
            "version": "v3.4.1",
            "source": {
                "type": "git",
                "url": "https://github.com/symfony/console.git",
                "reference": "2cdef78de8f54f68ff16a857e710e7302b47d4c7"
            },
            "dist": {
                "type": "zip",
                "url": "https://api.github.com/repos/symfony/console/zipball/2cdef78de8f54f68ff16a857e710e7302b47d4c7",
                "reference": "2cdef78de8f54f68ff16a857e710e7302b47d4c7",
                "shasum": ""
            },
            "require": {
                "php": "^5.5.9|>=7.0.8",
                "symfony/debug": "~2.8|~3.0|~4.0",
                "symfony/polyfill-mbstring": "~1.0"
            },
            "conflict": {
                "symfony/dependency-injection": "<3.4",
                "symfony/process": "<3.3"
            },
            "require-dev": {
                "psr/log": "~1.0",
                "symfony/config": "~3.3|~4.0",
                "symfony/dependency-injection": "~3.4|~4.0",
                "symfony/event-dispatcher": "~2.8|~3.0|~4.0",
                "symfony/lock": "~3.4|~4.0",
                "symfony/process": "~3.3|~4.0"
            },
            "suggest": {
                "psr/log": "For using the console logger",
                "symfony/event-dispatcher": "",
                "symfony/lock": "",
                "symfony/process": ""
            },
            "type": "library",
            "extra": {
                "branch-alias": {
                    "dev-master": "3.4-dev"
                }
            },
            "autoload": {
                "psr-4": {
                    "Symfony\\Component\\Console\\": ""
                },
                "exclude-from-classmap": [
                    "/Tests/"
                ]
            },
            "notification-url": "https://packagist.org/downloads/",
            "license": [
                "MIT"
            ],
            "authors": [
                {
                    "name": "Fabien Potencier",
                    "email": "fabien@symfony.com"
                },
                {
                    "name": "Symfony Community",
                    "homepage": "https://symfony.com/contributors"
                }
            ],
            "description": "Symfony Console Component",
            "homepage": "https://symfony.com",
            "time": "2017-12-02T18:20:11+00:00"
        },
        {
            "name": "symfony/debug",
            "version": "v3.4.1",
            "source": {
                "type": "git",
                "url": "https://github.com/symfony/debug.git",
                "reference": "fb2001e5d85f95d8b6ab94ae3be5d2672df128fd"
            },
            "dist": {
                "type": "zip",
                "url": "https://api.github.com/repos/symfony/debug/zipball/fb2001e5d85f95d8b6ab94ae3be5d2672df128fd",
                "reference": "fb2001e5d85f95d8b6ab94ae3be5d2672df128fd",
                "shasum": ""
            },
            "require": {
                "php": "^5.5.9|>=7.0.8",
                "psr/log": "~1.0"
            },
            "conflict": {
                "symfony/http-kernel": ">=2.3,<2.3.24|~2.4.0|>=2.5,<2.5.9|>=2.6,<2.6.2"
            },
            "require-dev": {
                "symfony/http-kernel": "~2.8|~3.0|~4.0"
            },
            "type": "library",
            "extra": {
                "branch-alias": {
                    "dev-master": "3.4-dev"
                }
            },
            "autoload": {
                "psr-4": {
                    "Symfony\\Component\\Debug\\": ""
                },
                "exclude-from-classmap": [
                    "/Tests/"
                ]
            },
            "notification-url": "https://packagist.org/downloads/",
            "license": [
                "MIT"
            ],
            "authors": [
                {
                    "name": "Fabien Potencier",
                    "email": "fabien@symfony.com"
                },
                {
                    "name": "Symfony Community",
                    "homepage": "https://symfony.com/contributors"
                }
            ],
            "description": "Symfony Debug Component",
            "homepage": "https://symfony.com",
            "time": "2017-11-21T09:01:46+00:00"
        },
        {
            "name": "symfony/polyfill-mbstring",
            "version": "v1.6.0",
            "source": {
                "type": "git",
                "url": "https://github.com/symfony/polyfill-mbstring.git",
                "reference": "2ec8b39c38cb16674bbf3fea2b6ce5bf117e1296"
            },
            "dist": {
                "type": "zip",
                "url": "https://api.github.com/repos/symfony/polyfill-mbstring/zipball/2ec8b39c38cb16674bbf3fea2b6ce5bf117e1296",
                "reference": "2ec8b39c38cb16674bbf3fea2b6ce5bf117e1296",
                "shasum": ""
            },
            "require": {
                "php": ">=5.3.3"
            },
            "suggest": {
                "ext-mbstring": "For best performance"
            },
            "type": "library",
            "extra": {
                "branch-alias": {
                    "dev-master": "1.6-dev"
                }
            },
            "autoload": {
                "psr-4": {
                    "Symfony\\Polyfill\\Mbstring\\": ""
                },
                "files": [
                    "bootstrap.php"
                ]
            },
            "notification-url": "https://packagist.org/downloads/",
            "license": [
                "MIT"
            ],
            "authors": [
                {
                    "name": "Nicolas Grekas",
                    "email": "p@tchwork.com"
                },
                {
                    "name": "Symfony Community",
                    "homepage": "https://symfony.com/contributors"
                }
            ],
            "description": "Symfony polyfill for the Mbstring extension",
            "homepage": "https://symfony.com",
            "keywords": [
                "compatibility",
                "mbstring",
                "polyfill",
                "portable",
                "shim"
            ],
            "time": "2017-10-11T12:05:26+00:00"
        }
    ],
    "packages-dev": [],
    "aliases": [],
    "minimum-stability": "stable",
    "stability-flags": [],
    "prefer-stable": false,
    "prefer-lowest": false,
    "platform": [],
    "platform-dev": []
}
